
Microsoft Visual Studio Solution File, Format Version 12.00
# Visual Studio Version 16
VisualStudioVersion = 16.0.31410.357
MinimumVisualStudioVersion = 10.0.40219.1
Project("{9A19103F-16F7-4668-BE54-9A1E7A4F7556}") = "GardeningSystem", "GardeningSystem\GardeningSystem.csproj", "{5259C37A-4B45-468A-9859-4EF08429D216}"
EndProject
Project("{9A19103F-16F7-4668-BE54-9A1E7A4F7556}") = "GardeningSystem.BusinessLogic", "GardeningSystem.BusinessLogic\GardeningSystem.BusinessLogic.csproj", "{AC28B1F1-0328-4F6F-BCAA-3C52692741CB}"
EndProject
Project("{9A19103F-16F7-4668-BE54-9A1E7A4F7556}") = "GardeningSystem.Common", "GardeningSystem.Common\GardeningSystem.Common.csproj", "{700703A5-56AA-4E96-A82C-E66C3B0C4DA0}"
EndProject
Project("{9A19103F-16F7-4668-BE54-9A1E7A4F7556}") = "GardeningSystem.DataAccess", "GardeningSystem.DataAccess\GardeningSystem.DataAccess.csproj", "{38249C74-3B8A-4530-9B88-70F2CF88DBA3}"
EndProject
Project("{9A19103F-16F7-4668-BE54-9A1E7A4F7556}") = "GardeningSystem.RestAPI", "GardeningSystem.RestAPI\GardeningSystem.RestAPI.csproj", "{13122E15-C61E-4AB2-A4F7-0DB575A6F38D}"
EndProject
Project("{2150E333-8FDC-42A3-9474-1A3956D46DE8}") = "Tests", "Tests", "{D4B9CAAD-E3AF-4361-9686-C2F401D210C6}"
EndProject
Project("{9A19103F-16F7-4668-BE54-9A1E7A4F7556}") = "Test.BusinessLogic", "Tests\Test.BusinessLogic\Test.BusinessLogic.csproj", "{431B405E-4234-40A0-A25F-76715E70C4EE}"
EndProject
Project("{2150E333-8FDC-42A3-9474-1A3956D46DE8}") = "Solution Items", "Solution Items", "{192A5240-A011-4A26-B963-56EDD65BAC58}"
	ProjectSection(SolutionItems) = preProject
		.editorconfig = .editorconfig
	EndProjectSection
EndProject
Global
	GlobalSection(SolutionConfigurationPlatforms) = preSolution
		Debug|Any CPU = Debug|Any CPU
		Release|Any CPU = Release|Any CPU
	EndGlobalSection
	GlobalSection(ProjectConfigurationPlatforms) = postSolution
		{5259C37A-4B45-468A-9859-4EF08429D216}.Debug|Any CPU.ActiveCfg = Debug|Any CPU
		{5259C37A-4B45-468A-9859-4EF08429D216}.Debug|Any CPU.Build.0 = Debug|Any CPU
		{5259C37A-4B45-468A-9859-4EF08429D216}.Release|Any CPU.ActiveCfg = Release|Any CPU
		{5259C37A-4B45-468A-9859-4EF08429D216}.Release|Any CPU.Build.0 = Release|Any CPU
		{AC28B1F1-0328-4F6F-BCAA-3C52692741CB}.Debug|Any CPU.ActiveCfg = Debug|Any CPU
		{AC28B1F1-0328-4F6F-BCAA-3C52692741CB}.Debug|Any CPU.Build.0 = Debug|Any CPU
		{AC28B1F1-0328-4F6F-BCAA-3C52692741CB}.Release|Any CPU.ActiveCfg = Release|Any CPU
		{AC28B1F1-0328-4F6F-BCAA-3C52692741CB}.Release|Any CPU.Build.0 = Release|Any CPU
		{700703A5-56AA-4E96-A82C-E66C3B0C4DA0}.Debug|Any CPU.ActiveCfg = Debug|Any CPU
		{700703A5-56AA-4E96-A82C-E66C3B0C4DA0}.Debug|Any CPU.Build.0 = Debug|Any CPU
		{700703A5-56AA-4E96-A82C-E66C3B0C4DA0}.Release|Any CPU.ActiveCfg = Release|Any CPU
		{700703A5-56AA-4E96-A82C-E66C3B0C4DA0}.Release|Any CPU.Build.0 = Release|Any CPU
		{38249C74-3B8A-4530-9B88-70F2CF88DBA3}.Debug|Any CPU.ActiveCfg = Debug|Any CPU
		{38249C74-3B8A-4530-9B88-70F2CF88DBA3}.Debug|Any CPU.Build.0 = Debug|Any CPU
		{38249C74-3B8A-4530-9B88-70F2CF88DBA3}.Release|Any CPU.ActiveCfg = Release|Any CPU
		{38249C74-3B8A-4530-9B88-70F2CF88DBA3}.Release|Any CPU.Build.0 = Release|Any CPU
		{13122E15-C61E-4AB2-A4F7-0DB575A6F38D}.Debug|Any CPU.ActiveCfg = Debug|Any CPU
		{13122E15-C61E-4AB2-A4F7-0DB575A6F38D}.Debug|Any CPU.Build.0 = Debug|Any CPU
		{13122E15-C61E-4AB2-A4F7-0DB575A6F38D}.Release|Any CPU.ActiveCfg = Release|Any CPU
		{13122E15-C61E-4AB2-A4F7-0DB575A6F38D}.Release|Any CPU.Build.0 = Release|Any CPU
		{431B405E-4234-40A0-A25F-76715E70C4EE}.Debug|Any CPU.ActiveCfg = Debug|Any CPU
		{431B405E-4234-40A0-A25F-76715E70C4EE}.Debug|Any CPU.Build.0 = Debug|Any CPU
		{431B405E-4234-40A0-A25F-76715E70C4EE}.Release|Any CPU.ActiveCfg = Release|Any CPU
		{431B405E-4234-40A0-A25F-76715E70C4EE}.Release|Any CPU.Build.0 = Release|Any CPU
	EndGlobalSection
	GlobalSection(SolutionProperties) = preSolution
		HideSolutionNode = FALSE
	EndGlobalSection
	GlobalSection(NestedProjects) = preSolution
		{431B405E-4234-40A0-A25F-76715E70C4EE} = {D4B9CAAD-E3AF-4361-9686-C2F401D210C6}
	EndGlobalSection
	GlobalSection(ExtensibilityGlobals) = postSolution
		SolutionGuid = {0091A1C7-3529-4AA5-9CF6-08CB20A78FD4}
	EndGlobalSection
EndGlobal
